// !$*UTF8*$!
{
	archiveVersion = 1;
	classes = {
	};
	objectVersion = 77;
	objects = {

/* Begin PBXContainerItemProxy section */
		BFB334CD2E6A5861007C0D46 /* PBXContainerItemProxy */ = {
			isa = PBXContainerItemProxy;
			containerPortal = BFB334B72E6A585D007C0D46 /* Project object */;
			proxyType = 1;
			remoteGlobalIDString = BFB334BE2E6A585D007C0D46;
			remoteInfo = CanvasKit;
		};
		BFB334D72E6A5861007C0D46 /* PBXContainerItemProxy */ = {
			isa = PBXContainerItemProxy;
			containerPortal = BFB334B72E6A585D007C0D46 /* Project object */;
			proxyType = 1;
			remoteGlobalIDString = BFB334BE2E6A585D007C0D46;
			remoteInfo = CanvasKit;
		};
/* End PBXContainerItemProxy section */

/* Begin PBXFileReference section */
		BFB334BF2E6A585D007C0D46 /* CanvasKit.app */ = {isa = PBXFileReference; explicitFileType = wrapper.application; includeInIndex = 0; path = CanvasKit.app; sourceTree = BUILT_PRODUCTS_DIR; };
		BFB334CC2E6A5861007C0D46 /* CanvasKitTests.xctest */ = {isa = PBXFileReference; explicitFileType = wrapper.cfbundle; includeInIndex = 0; path = CanvasKitTests.xctest; sourceTree = BUILT_PRODUCTS_DIR; };
		BFB334D62E6A5861007C0D46 /* CanvasKitUITests.xctest */ = {isa = PBXFileReference; explicitFileType = wrapper.cfbundle; includeInIndex = 0; path = CanvasKitUITests.xctest; sourceTree = BUILT_PRODUCTS_DIR; };
/* End PBXFileReference section */

/* Begin PBXFileSystemSynchronizedRootGroup section */
		BFB334C12E6A585D007C0D46 /* CanvasKit */ = {
			isa = PBXFileSystemSynchronizedRootGroup;
			path = CanvasKit;
			sourceTree = "<group>";
		};
		BFB334CF2E6A5861007C0D46 /* CanvasKitTests */ = {
			isa = PBXFileSystemSynchronizedRootGroup;
			path = CanvasKitTests;
			sourceTree = "<group>";
		};
		BFB334D92E6A5861007C0D46 /* CanvasKitUITests */ = {
			isa = PBXFileSystemSynchronizedRootGroup;
			path = CanvasKitUITests;
			sourceTree = "<group>";
		};
/* End PBXFileSystemSynchronizedRootGroup section */

/* Begin PBXFrameworksBuildPhase section */
		BFB334BC2E6A585D007C0D46 /* Frameworks */ = {
			isa = PBXFrameworksBuildPhase;
			buildActionMask = 2147483647;
			files = (
			);
			runOnlyForDeploymentPostprocessing = 0;
		};
		BFB334C92E6A5861007C0D46 /* Frameworks */ = {
			isa = PBXFrameworksBuildPhase;
			buildActionMask = 2147483647;
			files = (
			);
			runOnlyForDeploymentPostprocessing = 0;
		};
		BFB334D32E6A5861007C0D46 /* Frameworks */ = {
			isa = PBXFrameworksBuildPhase;
			buildActionMask = 2147483647;
			files = (
			);
			runOnlyForDeploymentPostprocessing = 0;
		};
/* End PBXFrameworksBuildPhase section */

/* Begin PBXGroup section */
		BFB334B62E6A585D007C0D46 = {
			isa = PBXGroup;
			children = (
				BFB334C12E6A585D007C0D46 /* CanvasKit */,
				BFB334CF2E6A5861007C0D46 /* CanvasKitTests */,
				BFB334D92E6A5861007C0D46 /* CanvasKitUITests */,
				BFB334C02E6A585D007C0D46 /* Products */,
			);
			sourceTree = "<group>";
		};
		BFB334C02E6A585D007C0D46 /* Products */ = {
			isa = PBXGroup;
			children = (
				BFB334BF2E6A585D007C0D46 /* CanvasKit.app */,
				BFB334CC2E6A5861007C0D46 /* CanvasKitTests.xctest */,
				BFB334D62E6A5861007C0D46 /* CanvasKitUITests.xctest */,
			);
			name = Products;
			sourceTree = "<group>";
		};
/* End PBXGroup section */

/* Begin PBXNativeTarget section */
		BFB334BE2E6A585D007C0D46 /* CanvasKit */ = {
			isa = PBXNativeTarget;
			buildConfigurationList = BFB334E02E6A5861007C0D46 /* Build configuration list for PBXNativeTarget "CanvasKit" */;
			buildPhases = (
				BFB334BB2E6A585D007C0D46 /* Sources */,
				BFB334BC2E6A585D007C0D46 /* Frameworks */,
				BFB334BD2E6A585D007C0D46 /* Resources */,
			);
			buildRules = (
			);
			dependencies = (
			);
			fileSystemSynchronizedGroups = (
				BFB334C12E6A585D007C0D46 /* CanvasKit */,
			);
			name = CanvasKit;
			packageProductDependencies = (
			);
			productName = CanvasKit;
			productReference = BFB334BF2E6A585D007C0D46 /* CanvasKit.app */;
			productType = "com.apple.product-type.application";
		};
		BFB334CB2E6A5861007C0D46 /* CanvasKitTests */ = {
			isa = PBXNativeTarget;
			buildConfigurationList = BFB334E32E6A5861007C0D46 /* Build configuration list for PBXNativeTarget "CanvasKitTests" */;
			buildPhases = (
				BFB334C82E6A5861007C0D46 /* Sources */,
				BFB334C92E6A5861007C0D46 /* Frameworks */,
				BFB334CA2E6A5861007C0D46 /* Resources */,
			);
			buildRules = (
			);
			dependencies = (
				BFB334CE2E6A5861007C0D46 /* PBXTargetDependency */,
			);
			fileSystemSynchronizedGroups = (
				BFB334CF2E6A5861007C0D46 /* CanvasKitTests */,
			);
			name = CanvasKitTests;
			packageProductDependencies = (
			);
			productName = CanvasKitTests;
			productReference = BFB334CC2E6A5861007C0D46 /* CanvasKitTests.xctest */;
			productType = "com.apple.product-type.bundle.unit-test";
		};
		BFB334D52E6A5861007C0D46 /* CanvasKitUITests */ = {
			isa = PBXNativeTarget;
			buildConfigurationList = BFB334E62E6A5861007C0D46 /* Build configuration list for PBXNativeTarget "CanvasKitUITests" */;
			buildPhases = (
				BFB334D22E6A5861007C0D46 /* Sources */,
				BFB334D32E6A5861007C0D46 /* Frameworks */,
				BFB334D42E6A5861007C0D46 /* Resources */,
			);
			buildRules = (
			);
			dependencies = (
				BFB334D82E6A5861007C0D46 /* PBXTargetDependency */,
			);
			fileSystemSynchronizedGroups = (
				BFB334D92E6A5861007C0D46 /* CanvasKitUITests */,
			);
			name = CanvasKitUITests;
			packageProductDependencies = (
			);
			productName = CanvasKitUITests;
			productReference = BFB334D62E6A5861007C0D46 /* CanvasKitUITests.xctest */;
			productType = "com.apple.product-type.bundle.ui-testing";
		};
/* End PBXNativeTarget section */

/* Begin PBXProject section */
		BFB334B72E6A585D007C0D46 /* Project object */ = {
			isa = PBXProject;
			attributes = {
				BuildIndependentTargetsInParallel = 1;
				LastSwiftUpdateCheck = 1640;
				LastUpgradeCheck = 1640;
				TargetAttributes = {
					BFB334BE2E6A585D007C0D46 = {
						CreatedOnToolsVersion = 16.4;
					};
					BFB334CB2E6A5861007C0D46 = {
						CreatedOnToolsVersion = 16.4;
						TestTargetID = BFB334BE2E6A585D007C0D46;
					};
					BFB334D52E6A5861007C0D46 = {
						CreatedOnToolsVersion = 16.4;
						TestTargetID = BFB334BE2E6A585D007C0D46;
					};
				};
			};
			buildConfigurationList = BFB334BA2E6A585D007C0D46 /* Build configuration list for PBXProject "CanvasKit" */;
			developmentRegion = en;
			hasScannedForEncodings = 0;
			knownRegions = (
				en,
				Base,
			);
			mainGroup = BFB334B62E6A585D007C0D46;
			minimizedProjectReferenceProxies = 1;
			preferredProjectObjectVersion = 77;
			productRefGroup = BFB334C02E6A585D007C0D46 /* Products */;
			projectDirPath = "";
			projectRoot = "";
			targets = (
				BFB334BE2E6A585D007C0D46 /* CanvasKit */,
				BFB334CB2E6A5861007C0D46 /* CanvasKitTests */,
				BFB334D52E6A5861007C0D46 /* CanvasKitUITests */,
			);
		};
/* End PBXProject section */

/* Begin PBXResourcesBuildPhase section */
		BFB334BD2E6A585D007C0D46 /* Resources */ = {
			isa = PBXResourcesBuildPhase;
			buildActionMask = 2147483647;
			files = (
			);
			runOnlyForDeploymentPostprocessing = 0;
		};
		BFB334CA2E6A5861007C0D46 /* Resources */ = {
			isa = PBXResourcesBuildPhase;
			buildActionMask = 2147483647;
			files = (
			);
			runOnlyForDeploymentPostprocessing = 0;
		};
		BFB334D42E6A5861007C0D46 /* Resources */ = {
			isa = PBXResourcesBuildPhase;
			buildActionMask = 2147483647;
			files = (
			);
			runOnlyForDeploymentPostprocessing = 0;
		};
/* End PBXResourcesBuildPhase section */

/* Begin PBXSourcesBuildPhase section */
		BFB334BB2E6A585D007C0D46 /* Sources */ = {
			isa = PBXSourcesBuildPhase;
			buildActionMask = 2147483647;
			files = (
			);
			runOnlyForDeploymentPostprocessing = 0;
		};
		BFB334C82E6A5861007C0D46 /* Sources */ = {
			isa = PBXSourcesBuildPhase;
			buildActionMask = 2147483647;
			files = (
			);
			runOnlyForDeploymentPostprocessing = 0;
		};
		BFB334D22E6A5861007C0D46 /* Sources */ = {
			isa = PBXSourcesBuildPhase;
			buildActionMask = 2147483647;
			files = (
			);
			runOnlyForDeploymentPostprocessing = 0;
		};
/* End PBXSourcesBuildPhase section */

/* Begin PBXTargetDependency section */
		BFB334CE2E6A5861007C0D46 /* PBXTargetDependency */ = {
			isa = PBXTargetDependency;
			target = BFB334BE2E6A585D007C0D46 /* CanvasKit */;
			targetProxy = BFB334CD2E6A5861007C0D46 /* PBXContainerItemProxy */;
		};
		BFB334D82E6A5861007C0D46 /* PBXTargetDependency */ = {
			isa = PBXTargetDependency;
			target = BFB334BE2E6A585D007C0D46 /* CanvasKit */;
			targetProxy = BFB334D72E6A5861007C0D46 /* PBXContainerItemProxy */;
		};
/* End PBXTargetDependency section */

/* Begin XCBuildConfiguration section */
		BFB334DE2E6A5861007C0D46 /* Debug */ = {
			isa = XCBuildConfiguration;
			buildSettings = {
				ALWAYS_SEARCH_USER_PATHS = NO;
				ASSETCATALOG_COMPILER_GENERATE_SWIFT_ASSET_SYMBOL_EXTENSIONS = YES;
				CLANG_ANALYZER_NONNULL = YES;
				CLANG_ANALYZER_NUMBER_OBJECT_CONVERSION = YES_AGGRESSIVE;
				CLANG_CXX_LANGUAGE_STANDARD = "gnu++20";
				CLANG_ENABLE_MODULES = YES;
				CLANG_ENABLE_OBJC_ARC = YES;
				CLANG_ENABLE_OBJC_WEAK = YES;
				CLANG_WARN_BLOCK_CAPTURE_AUTORELEASING = YES;
				CLANG_WARN_BOOL_CONVERSION = YES;
				CLANG_WARN_COMMA = YES;
				CLANG_WARN_CONSTANT_CONVERSION = YES;
				CLANG_WARN_DEPRECATED_OBJC_IMPLEMENTATIONS = YES;
				CLANG_WARN_DIRECT_OBJC_ISA_USAGE = YES_ERROR;
				CLANG_WARN_DOCUMENTATION_COMMENTS = YES;
				CLANG_WARN_EMPTY_BODY = YES;
				CLANG_WARN_ENUM_CONVERSION = YES;
				CLANG_WARN_INFINITE_RECURSION = YES;
				CLANG_WARN_INT_CONVERSION = YES;
				CLANG_WARN_NON_LITERAL_NULL_CONVERSION = YES;
				CLANG_WARN_OBJC_IMPLICIT_RETAIN_SELF = YES;
				CLANG_WARN_OBJC_LITERAL_CONVERSION = YES;
				CLANG_WARN_OBJC_ROOT_CLASS = YES_ERROR;
				CLANG_WARN_QUOTED_INCLUDE_IN_FRAMEWORK_HEADER = YES;
				CLANG_WARN_RANGE_LOOP_ANALYSIS = YES;
				CLANG_WARN_STRICT_PROTOTYPES = YES;
				CLANG_WARN_SUSPICIOUS_MOVE = YES;
				CLANG_WARN_UNGUARDED_AVAILABILITY = YES_AGGRESSIVE;
				CLANG_WARN_UNREACHABLE_CODE = YES;
				CLANG_WARN__DUPLICATE_METHOD_MATCH = YES;
				COPY_PHASE_STRIP = NO;
				DEBUG_INFORMATION_FORMAT = dwarf;
				DEVELOPMENT_TEAM = HNSN8CU7S9;
				ENABLE_STRICT_OBJC_MSGSEND = YES;
				ENABLE_TESTABILITY = YES;
				ENABLE_USER_SCRIPT_SANDBOXING = YES;
				GCC_C_LANGUAGE_STANDARD = gnu17;
				GCC_DYNAMIC_NO_PIC = NO;
				GCC_NO_COMMON_BLOCKS = YES;
				GCC_OPTIMIZATION_LEVEL = 0;
				GCC_PREPROCESSOR_DEFINITIONS = (
					"DEBUG=1",
					"$(inherited)",
				);
				GCC_WARN_64_TO_32_BIT_CONVERSION = YES;
				GCC_WARN_ABOUT_RETURN_TYPE = YES_ERROR;
				GCC_WARN_UNDECLARED_SELECTOR = YES;
				GCC_WARN_UNINITIALIZED_AUTOS = YES_AGGRESSIVE;
				GCC_WARN_UNUSED_FUNCTION = YES;
				GCC_WARN_UNUSED_VARIABLE = YES;
				IPHONEOS_DEPLOYMENT_TARGET = 18.5;
				LOCALIZATION_PREFERS_STRING_CATALOGS = YES;
				MTL_ENABLE_DEBUG_INFO = INCLUDE_SOURCE;
				MTL_FAST_MATH = YES;
				ONLY_ACTIVE_ARCH = YES;
				SDKROOT = iphoneos;
				SWIFT_ACTIVE_COMPILATION_CONDITIONS = "DEBUG $(inherited)";
				SWIFT_OPTIMIZATION_LEVEL = "-Onone";
			};
			name = Debug;
		};
		BFB334DF2E6A5861007C0D46 /* Release */ = {
			isa = XCBuildConfiguration;
			buildSettings = {
				ALWAYS_SEARCH_USER_PATHS = NO;
				ASSETCATALOG_COMPILER_GENERATE_SWIFT_ASSET_SYMBOL_EXTENSIONS = YES;
				CLANG_ANALYZER_NONNULL = YES;
				CLANG_ANALYZER_NUMBER_OBJECT_CONVERSION = YES_AGGRESSIVE;
				CLANG_CXX_LANGUAGE_STANDARD = "gnu++20";
				CLANG_ENABLE_MODULES = YES;
				CLANG_ENABLE_OBJC_ARC = YES;
				CLANG_ENABLE_OBJC_WEAK = YES;
				CLANG_WARN_BLOCK_CAPTURE_AUTORELEASING = YES;
				CLANG_WARN_BOOL_CONVERSION = YES;
				CLANG_WARN_COMMA = YES;
				CLANG_WARN_CONSTANT_CONVERSION = YES;
				CLANG_WARN_DEPRECATED_OBJC_IMPLEMENTATIONS = YES;
				CLANG_WARN_DIRECT_OBJC_ISA_USAGE = YES_ERROR;
				CLANG_WARN_DOCUMENTATION_COMMENTS = YES;
				CLANG_WARN_EMPTY_BODY = YES;
				CLANG_WARN_ENUM_CONVERSION = YES;
				CLANG_WARN_INFINITE_RECURSION = YES;
				CLANG_WARN_INT_CONVERSION = YES;
				CLANG_WARN_NON_LITERAL_NULL_CONVERSION = YES;
				CLANG_WARN_OBJC_IMPLICIT_RETAIN_SELF = YES;
				CLANG_WARN_OBJC_LITERAL_CONVERSION = YES;
				CLANG_WARN_OBJC_ROOT_CLASS = YES_ERROR;
				CLANG_WARN_QUOTED_INCLUDE_IN_FRAMEWORK_HEADER = YES;
				CLANG_WARN_RANGE_LOOP_ANALYSIS = YES;
				CLANG_WARN_STRICT_PROTOTYPES = YES;
				CLANG_WARN_SUSPICIOUS_MOVE = YES;
				CLANG_WARN_UNGUARDED_AVAILABILITY = YES_AGGRESSIVE;
				CLANG_WARN_UNREACHABLE_CODE = YES;
				CLANG_WARN__DUPLICATE_METHOD_MATCH = YES;
				COPY_PHASE_STRIP = NO;
				DEBUG_INFORMATION_FORMAT = "dwarf-with-dsym";
				DEVELOPMENT_TEAM = HNSN8CU7S9;
				ENABLE_NS_ASSERTIONS = NO;
				ENABLE_STRICT_OBJC_MSGSEND = YES;
				ENABLE_USER_SCRIPT_SANDBOXING = YES;
				GCC_C_LANGUAGE_STANDARD = gnu17;
				GCC_NO_COMMON_BLOCKS = YES;
				GCC_WARN_64_TO_32_BIT_CONVERSION = YES;
				GCC_WARN_ABOUT_RETURN_TYPE = YES_ERROR;
				GCC_WARN_UNDECLARED_SELECTOR = YES;
				GCC_WARN_UNINITIALIZED_AUTOS = YES_AGGRESSIVE;
				GCC_WARN_UNUSED_FUNCTION = YES;
				GCC_WARN_UNUSED_VARIABLE = YES;
				IPHONEOS_DEPLOYMENT_TARGET = 18.5;
				LOCALIZATION_PREFERS_STRING_CATALOGS = YES;
				MTL_ENABLE_DEBUG_INFO = NO;
				MTL_FAST_MATH = YES;
				SDKROOT = iphoneos;
				SWIFT_COMPILATION_MODE = wholemodule;
				VALIDATE_PRODUCT = YES;
			};
			name = Release;
		};
		BFB334E12E6A5861007C0D46 /* Debug */ = {
			isa = XCBuildConfiguration;
			buildSettings = {
				ASSETCATALOG_COMPILER_APPICON_NAME = AppIcon;
				ASSETCATALOG_COMPILER_GLOBAL_ACCENT_COLOR_NAME = AccentColor;
				CODE_SIGN_STYLE = Automatic;
				CURRENT_PROJECT_VERSION = 1;
				DEVELOPMENT_TEAM = HNSN8CU7S9;
				ENABLE_PREVIEWS = YES;
				GENERATE_INFOPLIST_FILE = YES;
				INFOPLIST_KEY_UIApplicationSceneManifest_Generation = YES;
				INFOPLIST_KEY_UIApplicationSupportsIndirectInputEvents = YES;
				INFOPLIST_KEY_UILaunchScreen_Generation = YES;
				INFOPLIST_KEY_UISupportedInterfaceOrientations_iPad = "UIInterfaceOrientationPortrait UIInterfaceOrientationPortraitUpsideDown UIInterfaceOrientationLandscapeLeft UIInterfaceOrientationLandscapeRight";
				INFOPLIST_KEY_UISupportedInterfaceOrientations_iPhone = "UIInterfaceOrientationPortrait UIInterfaceOrientationLandscapeLeft UIInterfaceOrientationLandscapeRight";
				LD_RUNPATH_SEARCH_PATHS = (
					"$(inherited)",
					"@executable_path/Frameworks",
				);
				MARKETING_VERSION = 1.0;
				PRODUCT_BUNDLE_IDENTIFIER = com.stickman.CanvasKit;
				PRODUCT_NAME = "$(TARGET_NAME)";
				SWIFT_EMIT_LOC_STRINGS = YES;
				SWIFT_VERSION = 5.0;
				TARGETED_DEVICE_FAMILY = "1,2";
			};
			name = Debug;
		};
		BFB334E22E6A5861007C0D46 /* Release */ = {
			isa = XCBuildConfiguration;
			buildSettings = {
				ASSETCATALOG_COMPILER_APPICON_NAME = AppIcon;
				ASSETCATALOG_COMPILER_GLOBAL_ACCENT_COLOR_NAME = AccentColor;
				CODE_SIGN_STYLE = Automatic;
				CURRENT_PROJECT_VERSION = 1;
				DEVELOPMENT_TEAM = HNSN8CU7S9;
				ENABLE_PREVIEWS = YES;
				GENERATE_INFOPLIST_FILE = YES;
				INFOPLIST_KEY_UIApplicationSceneManifest_Generation = YES;
				INFOPLIST_KEY_UIApplicationSupportsIndirectInputEvents = YES;
				INFOPLIST_KEY_UILaunchScreen_Generation = YES;
				INFOPLIST_KEY_UISupportedInterfaceOrientations_iPad = "UIInterfaceOrientationPortrait UIInterfaceOrientationPortraitUpsideDown UIInterfaceOrientationLandscapeLeft UIInterfaceOrientationLandscapeRight";
				INFOPLIST_KEY_UISupportedInterfaceOrientations_iPhone = "UIInterfaceOrientationPortrait UIInterfaceOrientationLandscapeLeft UIInterfaceOrientationLandscapeRight";
				LD_RUNPATH_SEARCH_PATHS = (
					"$(inherited)",
					"@executable_path/Frameworks",
				);
				MARKETING_VERSION = 1.0;
				PRODUCT_BUNDLE_IDENTIFIER = com.stickman.CanvasKit;
				PRODUCT_NAME = "$(TARGET_NAME)";
				SWIFT_EMIT_LOC_STRINGS = YES;
				SWIFT_VERSION = 5.0;
				TARGETED_DEVICE_FAMILY = "1,2";
			};
			name = Release;
		};
		BFB334E42E6A5861007C0D46 /* Debug */ = {
			isa = XCBuildConfiguration;
			buildSettings = {
				BUNDLE_LOADER = "$(TEST_HOST)";
				CODE_SIGN_STYLE = Automatic;
				CURRENT_PROJECT_VERSION = 1;
				DEVELOPMENT_TEAM = HNSN8CU7S9;
				GENERATE_INFOPLIST_FILE = YES;
				IPHONEOS_DEPLOYMENT_TARGET = 18.5;
				MARKETING_VERSION = 1.0;
				PRODUCT_BUNDLE_IDENTIFIER = com.stickman.CanvasKitTests;
				PRODUCT_NAME = "$(TARGET_NAME)";
				SWIFT_EMIT_LOC_STRINGS = NO;
				SWIFT_VERSION = 5.0;
				TARGETED_DEVICE_FAMILY = "1,2";
				TEST_HOST = "$(BUILT_PRODUCTS_DIR)/CanvasKit.app/$(BUNDLE_EXECUTABLE_FOLDER_PATH)/CanvasKit";
			};
			name = Debug;
		};
		BFB334E52E6A5861007C0D46 /* Release */ = {
			isa = XCBuildConfiguration;
			buildSettings = {
				BUNDLE_LOADER = "$(TEST_HOST)";
				CODE_SIGN_STYLE = Automatic;
				CURRENT_PROJECT_VERSION = 1;
				DEVELOPMENT_TEAM = HNSN8CU7S9;
				GENERATE_INFOPLIST_FILE = YES;
				IPHONEOS_DEPLOYMENT_TARGET = 18.5;
				MARKETING_VERSION = 1.0;
				PRODUCT_BUNDLE_IDENTIFIER = com.stickman.CanvasKitTests;
				PRODUCT_NAME = "$(TARGET_NAME)";
				SWIFT_EMIT_LOC_STRINGS = NO;
				SWIFT_VERSION = 5.0;
				TARGETED_DEVICE_FAMILY = "1,2";
				TEST_HOST = "$(BUILT_PRODUCTS_DIR)/CanvasKit.app/$(BUNDLE_EXECUTABLE_FOLDER_PATH)/CanvasKit";
			};
			name = Release;
		};
		BFB334E72E6A5861007C0D46 /* Debug */ = {
			isa = XCBuildConfiguration;
			buildSettings = {
				CODE_SIGN_STYLE = Automatic;
				CURRENT_PROJECT_VERSION = 1;
				DEVELOPMENT_TEAM = HNSN8CU7S9;
				GENERATE_INFOPLIST_FILE = YES;
				MARKETING_VERSION = 1.0;
				PRODUCT_BUNDLE_IDENTIFIER = com.stickman.CanvasKitUITests;
				PRODUCT_NAME = "$(TARGET_NAME)";
				SWIFT_EMIT_LOC_STRINGS = NO;
				SWIFT_VERSION = 5.0;
				TARGETED_DEVICE_FAMILY = "1,2";
				TEST_TARGET_NAME = CanvasKit;
			};
			name = Debug;
		};
		BFB334E82E6A5861007C0D46 /* Release */ = {
			isa = XCBuildConfiguration;
			buildSettings = {
				CODE_SIGN_STYLE = Automatic;
				CURRENT_PROJECT_VERSION = 1;
				DEVELOPMENT_TEAM = HNSN8CU7S9;
				GENERATE_INFOPLIST_FILE = YES;
				MARKETING_VERSION = 1.0;
				PRODUCT_BUNDLE_IDENTIFIER = com.stickman.CanvasKitUITests;
				PRODUCT_NAME = "$(TARGET_NAME)";
				SWIFT_EMIT_LOC_STRINGS = NO;
				SWIFT_VERSION = 5.0;
				TARGETED_DEVICE_FAMILY = "1,2";
				TEST_TARGET_NAME = CanvasKit;
			};
			name = Release;
		};
/* End XCBuildConfiguration section */

/* Begin XCConfigurationList section */
		BFB334BA2E6A585D007C0D46 /* Build configuration list for PBXProject "CanvasKit" */ = {
			isa = XCConfigurationList;
			buildConfigurations = (
				BFB334DE2E6A5861007C0D46 /* Debug */,
				BFB334DF2E6A5861007C0D46 /* Release */,
			);
			defaultConfigurationIsVisible = 0;
			defaultConfigurationName = Release;
		};
		BFB334E02E6A5861007C0D46 /* Build configuration list for PBXNativeTarget "CanvasKit" */ = {
			isa = XCConfigurationList;
			buildConfigurations = (
				BFB334E12E6A5861007C0D46 /* Debug */,
				BFB334E22E6A5861007C0D46 /* Release */,
			);
			defaultConfigurationIsVisible = 0;
			defaultConfigurationName = Release;
		};
		BFB334E32E6A5861007C0D46 /* Build configuration list for PBXNativeTarget "CanvasKitTests" */ = {
			isa = XCConfigurationList;
			buildConfigurations = (
				BFB334E42E6A5861007C0D46 /* Debug */,
				BFB334E52E6A5861007C0D46 /* Release */,
			);
			defaultConfigurationIsVisible = 0;
			defaultConfigurationName = Release;
		};
		BFB334E62E6A5861007C0D46 /* Build configuration list for PBXNativeTarget "CanvasKitUITests" */ = {
			isa = XCConfigurationList;
			buildConfigurations = (
				BFB334E72E6A5861007C0D46 /* Debug */,
				BFB334E82E6A5861007C0D46 /* Release */,
			);
			defaultConfigurationIsVisible = 0;
			defaultConfigurationName = Release;
		};
/* End XCConfigurationList section */
	};
	rootObject = BFB334B72E6A585D007C0D46 /* Project object */;
}
